
Microsoft Visual Studio Solution File, Format Version 12.00
# Visual Studio Version 17
VisualStudioVersion = 17.9.34723.18
MinimumVisualStudioVersion = 10.0.40219.1
Project("{FAE04EC0-301F-11D3-BF4B-00C04F79EFBC}") = "WpfApp12", "WpfApp12\WpfApp12.csproj", "{C16C4741-436D-43AD-BF1B-42112CAC4CA9}"
EndProject
Global
	GlobalSection(SolutionConfigurationPlatforms) = preSolution
		Debug|Any CPU = Debug|Any CPU
		Release|Any CPU = Release|Any CPU
	EndGlobalSection
	GlobalSection(ProjectConfigurationPlatforms) = postSolution
		{C16C4741-436D-43AD-BF1B-42112CAC4CA9}.Debug|Any CPU.ActiveCfg = Debug|Any CPU
		{C16C4741-436D-43AD-BF1B-42112CAC4CA9}.Debug|Any CPU.Build.0 = Debug|Any CPU
		{C16C4741-436D-43AD-BF1B-42112CAC4CA9}.Release|Any CPU.ActiveCfg = Release|Any CPU
		{C16C4741-436D-43AD-BF1B-42112CAC4CA9}.Release|Any CPU.Build.0 = Release|Any CPU
	EndGlobalSection
	GlobalSection(SolutionProperties) = preSolution
		HideSolutionNode = FALSE
	EndGlobalSection
	GlobalSection(ExtensibilityGlobals) = postSolution
		SolutionGuid = {2F64F21A-BA62-490D-96B2-D0B65CC9FCF7}
	EndGlobalSection
EndGlobal
